
Microsoft Visual Studio Solution File, Format Version 12.00
# Visual Studio Version 16
VisualStudioVersion = 16.0.30011.22
MinimumVisualStudioVersion = 10.0.40219.1
Project("{FAE04EC0-301F-11D3-BF4B-00C04F79EFBC}") = "Galgeleg", "Galgeleg\Galgeleg.csproj", "{4BF3C2CF-D461-4D4E-BD86-21E4218C46AA}"
EndProject
Global
	GlobalSection(SolutionConfigurationPlatforms) = preSolution
		Debug|Any CPU = Debug|Any CPU
		Release|Any CPU = Release|Any CPU
	EndGlobalSection
	GlobalSection(ProjectConfigurationPlatforms) = postSolution
		{4BF3C2CF-D461-4D4E-BD86-21E4218C46AA}.Debug|Any CPU.ActiveCfg = Debug|Any CPU
		{4BF3C2CF-D461-4D4E-BD86-21E4218C46AA}.Debug|Any CPU.Build.0 = Debug|Any CPU
		{4BF3C2CF-D461-4D4E-BD86-21E4218C46AA}.Release|Any CPU.ActiveCfg = Release|Any CPU
		{4BF3C2CF-D461-4D4E-BD86-21E4218C46AA}.Release|Any CPU.Build.0 = Release|Any CPU
	EndGlobalSection
	GlobalSection(SolutionProperties) = preSolution
		HideSolutionNode = FALSE
	EndGlobalSection
	GlobalSection(ExtensibilityGlobals) = postSolution
		SolutionGuid = {97E5B681-CFCA-4E84-BFD7-0DD13C641555}
	EndGlobalSection
EndGlobal
